
Microsoft Visual Studio Solution File, Format Version 10.00
# Visual C# Express 2008
Project("{FAE04EC0-301F-11D3-BF4B-00C04F79EFBC}") = "VRWiiPaint", "VRWiiPaint\VRWiiPaint.csproj", "{233EA470-E9B8-4AA0-8FF6-8E4EBC4F671D}"
EndProject
Global
	GlobalSection(SolutionConfigurationPlatforms) = preSolution
		Debug|Any CPU = Debug|Any CPU
		Release|Any CPU = Release|Any CPU
	EndGlobalSection
	GlobalSection(ProjectConfigurationPlatforms) = postSolution
		{233EA470-E9B8-4AA0-8FF6-8E4EBC4F671D}.Debug|Any CPU.ActiveCfg = Debug|Any CPU
		{233EA470-E9B8-4AA0-8FF6-8E4EBC4F671D}.Debug|Any CPU.Build.0 = Debug|Any CPU
		{233EA470-E9B8-4AA0-8FF6-8E4EBC4F671D}.Release|Any CPU.ActiveCfg = Release|Any CPU
		{233EA470-E9B8-4AA0-8FF6-8E4EBC4F671D}.Release|Any CPU.Build.0 = Release|Any CPU
	EndGlobalSection
	GlobalSection(SolutionProperties) = preSolution
		HideSolutionNode = FALSE
	EndGlobalSection
EndGlobal
