
Microsoft Visual Studio Solution File, Format Version 10.00
# Visual Studio 2008
Project("{FAE04EC0-301F-11D3-BF4B-00C04F79EFBC}") = "Headtracking2LEDs", "Headtracking2LEDs\Headtracking2LEDs.csproj", "{8BBF11B2-5E9B-4086-BFDF-5D92380A549C}"
EndProject
Project("{FAE04EC0-301F-11D3-BF4B-00C04F79EFBC}") = "Headtracking3LEDs", "Headtracking3LEDs\Headtracking3LEDs.csproj", "{2DE516FD-942F-4033-A030-BAE630C8B336}"
EndProject
Global
	GlobalSection(SolutionConfigurationPlatforms) = preSolution
		Debug|Any CPU = Debug|Any CPU
		Release|Any CPU = Release|Any CPU
	EndGlobalSection
	GlobalSection(ProjectConfigurationPlatforms) = postSolution
		{8BBF11B2-5E9B-4086-BFDF-5D92380A549C}.Debug|Any CPU.ActiveCfg = Debug|Any CPU
		{8BBF11B2-5E9B-4086-BFDF-5D92380A549C}.Debug|Any CPU.Build.0 = Debug|Any CPU
		{8BBF11B2-5E9B-4086-BFDF-5D92380A549C}.Release|Any CPU.ActiveCfg = Release|Any CPU
		{8BBF11B2-5E9B-4086-BFDF-5D92380A549C}.Release|Any CPU.Build.0 = Release|Any CPU
		{2DE516FD-942F-4033-A030-BAE630C8B336}.Debug|Any CPU.ActiveCfg = Debug|Any CPU
		{2DE516FD-942F-4033-A030-BAE630C8B336}.Debug|Any CPU.Build.0 = Debug|Any CPU
		{2DE516FD-942F-4033-A030-BAE630C8B336}.Release|Any CPU.ActiveCfg = Release|Any CPU
		{2DE516FD-942F-4033-A030-BAE630C8B336}.Release|Any CPU.Build.0 = Release|Any CPU
	EndGlobalSection
	GlobalSection(SolutionProperties) = preSolution
		HideSolutionNode = FALSE
	EndGlobalSection
EndGlobal
