
Microsoft Visual Studio Solution File, Format Version 10.00
# Visual Studio 2008
Project("{FAE04EC0-301F-11D3-BF4B-00C04F79EFBC}") = "WiimoteLib", "WiimoteLib\WiimoteLib.csproj", "{37A555DF-7012-4B99-8A47-1C922A361E52}"
EndProject
Project("{FAE04EC0-301F-11D3-BF4B-00C04F79EFBC}") = "WiimoteTest", "WiimoteTest\WiimoteTest.csproj", "{48223EAB-B2E0-4A64-9074-4444662EB693}"
EndProject
Project("{FAE04EC0-301F-11D3-BF4B-00C04F79EFBC}") = "WiiApi", "WiiApi\WiiApi.csproj", "{1046FB11-E062-4BB5-BCB9-E2C0791B3A8F}"
EndProject
Project("{FAE04EC0-301F-11D3-BF4B-00C04F79EFBC}") = "TwoPaneDemo", "TwoPaneDemo\TwoPaneDemo.csproj", "{84606B84-E890-4962-91A7-BF5B99BFFC75}"
EndProject
Project("{FAE04EC0-301F-11D3-BF4B-00C04F79EFBC}") = "ModelNawiigator", "ModelNawiigator\ModelNawiigator.csproj", "{6E5141FA-F45B-4200-A161-CC9E6E40DDF3}"
EndProject
Project("{FAE04EC0-301F-11D3-BF4B-00C04F79EFBC}") = "GEarthController", "GEarthController\GEarthController.csproj", "{9A46A047-8CAA-499F-A67B-D3EDF90983A2}"
EndProject
Project("{FAE04EC0-301F-11D3-BF4B-00C04F79EFBC}") = "WiiApi.Tracking3d", "WiiApi.Tracking3d\WiiApi.Tracking3d.csproj", "{AD8B1D71-4BDF-4250-9C70-EA123975A7B6}"
EndProject
Project("{FAE04EC0-301F-11D3-BF4B-00C04F79EFBC}") = "GEarthNawiigator", "GEarthNawiigator\GEarthNawiigator.csproj", "{576FE39E-EF30-49BB-A3B3-BFFC4F8C1852}"
EndProject
Global
	GlobalSection(SubversionScc) = preSolution
		Svn-Managed = True
		Manager = AnkhSVN - Subversion Support for Visual Studio
	EndGlobalSection
	GlobalSection(SolutionConfigurationPlatforms) = preSolution
		Debug MSRS|Any CPU = Debug MSRS|Any CPU
		Debug MSRS|Mixed Platforms = Debug MSRS|Mixed Platforms
		Debug MSRS|x64 = Debug MSRS|x64
		Debug MSRS|x86 = Debug MSRS|x86
		Debug|Any CPU = Debug|Any CPU
		Debug|Mixed Platforms = Debug|Mixed Platforms
		Debug|x64 = Debug|x64
		Debug|x86 = Debug|x86
		MSRS Debug|Any CPU = MSRS Debug|Any CPU
		MSRS Debug|Mixed Platforms = MSRS Debug|Mixed Platforms
		MSRS Debug|x64 = MSRS Debug|x64
		MSRS Debug|x86 = MSRS Debug|x86
		Release MSRS|Any CPU = Release MSRS|Any CPU
		Release MSRS|Mixed Platforms = Release MSRS|Mixed Platforms
		Release MSRS|x64 = Release MSRS|x64
		Release MSRS|x86 = Release MSRS|x86
		Release|Any CPU = Release|Any CPU
		Release|Mixed Platforms = Release|Mixed Platforms
		Release|x64 = Release|x64
		Release|x86 = Release|x86
	EndGlobalSection
	GlobalSection(ProjectConfigurationPlatforms) = postSolution
		{37A555DF-7012-4B99-8A47-1C922A361E52}.Debug MSRS|Any CPU.ActiveCfg = Debug MSRS|Any CPU
		{37A555DF-7012-4B99-8A47-1C922A361E52}.Debug MSRS|Any CPU.Build.0 = Debug MSRS|Any CPU
		{37A555DF-7012-4B99-8A47-1C922A361E52}.Debug MSRS|Mixed Platforms.ActiveCfg = Debug MSRS|x86
		{37A555DF-7012-4B99-8A47-1C922A361E52}.Debug MSRS|Mixed Platforms.Build.0 = Debug MSRS|x86
		{37A555DF-7012-4B99-8A47-1C922A361E52}.Debug MSRS|x64.ActiveCfg = Debug MSRS|x86
		{37A555DF-7012-4B99-8A47-1C922A361E52}.Debug MSRS|x86.ActiveCfg = Debug MSRS|x86
		{37A555DF-7012-4B99-8A47-1C922A361E52}.Debug MSRS|x86.Build.0 = Debug MSRS|x86
		{37A555DF-7012-4B99-8A47-1C922A361E52}.Debug|Any CPU.ActiveCfg = Debug|Any CPU
		{37A555DF-7012-4B99-8A47-1C922A361E52}.Debug|Any CPU.Build.0 = Debug|Any CPU
		{37A555DF-7012-4B99-8A47-1C922A361E52}.Debug|Mixed Platforms.ActiveCfg = Debug|x86
		{37A555DF-7012-4B99-8A47-1C922A361E52}.Debug|Mixed Platforms.Build.0 = Debug|x86
		{37A555DF-7012-4B99-8A47-1C922A361E52}.Debug|x64.ActiveCfg = Debug|x86
		{37A555DF-7012-4B99-8A47-1C922A361E52}.Debug|x86.ActiveCfg = Debug|x86
		{37A555DF-7012-4B99-8A47-1C922A361E52}.Debug|x86.Build.0 = Debug|x86
		{37A555DF-7012-4B99-8A47-1C922A361E52}.MSRS Debug|Any CPU.ActiveCfg = MSRS Debug|Any CPU
		{37A555DF-7012-4B99-8A47-1C922A361E52}.MSRS Debug|Any CPU.Build.0 = MSRS Debug|Any CPU
		{37A555DF-7012-4B99-8A47-1C922A361E52}.MSRS Debug|Mixed Platforms.ActiveCfg = MSRS Debug|x86
		{37A555DF-7012-4B99-8A47-1C922A361E52}.MSRS Debug|Mixed Platforms.Build.0 = MSRS Debug|x86
		{37A555DF-7012-4B99-8A47-1C922A361E52}.MSRS Debug|x64.ActiveCfg = MSRS Debug|x86
		{37A555DF-7012-4B99-8A47-1C922A361E52}.MSRS Debug|x86.ActiveCfg = MSRS Debug|x86
		{37A555DF-7012-4B99-8A47-1C922A361E52}.MSRS Debug|x86.Build.0 = MSRS Debug|x86
		{37A555DF-7012-4B99-8A47-1C922A361E52}.Release MSRS|Any CPU.ActiveCfg = Release MSRS|Any CPU
		{37A555DF-7012-4B99-8A47-1C922A361E52}.Release MSRS|Any CPU.Build.0 = Release MSRS|Any CPU
		{37A555DF-7012-4B99-8A47-1C922A361E52}.Release MSRS|Mixed Platforms.ActiveCfg = Release MSRS|x86
		{37A555DF-7012-4B99-8A47-1C922A361E52}.Release MSRS|Mixed Platforms.Build.0 = Release MSRS|x86
		{37A555DF-7012-4B99-8A47-1C922A361E52}.Release MSRS|x64.ActiveCfg = Release MSRS|x86
		{37A555DF-7012-4B99-8A47-1C922A361E52}.Release MSRS|x86.ActiveCfg = Release MSRS|x86
		{37A555DF-7012-4B99-8A47-1C922A361E52}.Release MSRS|x86.Build.0 = Release MSRS|x86
		{37A555DF-7012-4B99-8A47-1C922A361E52}.Release|Any CPU.ActiveCfg = Release|Any CPU
		{37A555DF-7012-4B99-8A47-1C922A361E52}.Release|Any CPU.Build.0 = Release|Any CPU
		{37A555DF-7012-4B99-8A47-1C922A361E52}.Release|Mixed Platforms.ActiveCfg = Release|x86
		{37A555DF-7012-4B99-8A47-1C922A361E52}.Release|Mixed Platforms.Build.0 = Release|x86
		{37A555DF-7012-4B99-8A47-1C922A361E52}.Release|x64.ActiveCfg = Release|x86
		{37A555DF-7012-4B99-8A47-1C922A361E52}.Release|x86.ActiveCfg = Release|x86
		{37A555DF-7012-4B99-8A47-1C922A361E52}.Release|x86.Build.0 = Release|x86
		{48223EAB-B2E0-4A64-9074-4444662EB693}.Debug MSRS|Any CPU.ActiveCfg = Debug|Any CPU
		{48223EAB-B2E0-4A64-9074-4444662EB693}.Debug MSRS|Any CPU.Build.0 = Debug|Any CPU
		{48223EAB-B2E0-4A64-9074-4444662EB693}.Debug MSRS|Mixed Platforms.ActiveCfg = Debug|Any CPU
		{48223EAB-B2E0-4A64-9074-4444662EB693}.Debug MSRS|Mixed Platforms.Build.0 = Debug|Any CPU
		{48223EAB-B2E0-4A64-9074-4444662EB693}.Debug MSRS|x64.ActiveCfg = Debug|Any CPU
		{48223EAB-B2E0-4A64-9074-4444662EB693}.Debug MSRS|x86.ActiveCfg = Debug|Any CPU
		{48223EAB-B2E0-4A64-9074-4444662EB693}.Debug|Any CPU.ActiveCfg = Debug|Any CPU
		{48223EAB-B2E0-4A64-9074-4444662EB693}.Debug|Any CPU.Build.0 = Debug|Any CPU
		{48223EAB-B2E0-4A64-9074-4444662EB693}.Debug|Mixed Platforms.ActiveCfg = Debug|Any CPU
		{48223EAB-B2E0-4A64-9074-4444662EB693}.Debug|Mixed Platforms.Build.0 = Debug|Any CPU
		{48223EAB-B2E0-4A64-9074-4444662EB693}.Debug|x64.ActiveCfg = Debug|Any CPU
		{48223EAB-B2E0-4A64-9074-4444662EB693}.Debug|x86.ActiveCfg = Debug|Any CPU
		{48223EAB-B2E0-4A64-9074-4444662EB693}.MSRS Debug|Any CPU.ActiveCfg = Debug|Any CPU
		{48223EAB-B2E0-4A64-9074-4444662EB693}.MSRS Debug|Any CPU.Build.0 = Debug|Any CPU
		{48223EAB-B2E0-4A64-9074-4444662EB693}.MSRS Debug|Mixed Platforms.ActiveCfg = Debug|Any CPU
		{48223EAB-B2E0-4A64-9074-4444662EB693}.MSRS Debug|Mixed Platforms.Build.0 = Debug|Any CPU
		{48223EAB-B2E0-4A64-9074-4444662EB693}.MSRS Debug|x64.ActiveCfg = Debug|Any CPU
		{48223EAB-B2E0-4A64-9074-4444662EB693}.MSRS Debug|x86.ActiveCfg = Debug|Any CPU
		{48223EAB-B2E0-4A64-9074-4444662EB693}.Release MSRS|Any CPU.ActiveCfg = Release|Any CPU
		{48223EAB-B2E0-4A64-9074-4444662EB693}.Release MSRS|Any CPU.Build.0 = Release|Any CPU
		{48223EAB-B2E0-4A64-9074-4444662EB693}.Release MSRS|Mixed Platforms.ActiveCfg = Release|Any CPU
		{48223EAB-B2E0-4A64-9074-4444662EB693}.Release MSRS|Mixed Platforms.Build.0 = Release|Any CPU
		{48223EAB-B2E0-4A64-9074-4444662EB693}.Release MSRS|x64.ActiveCfg = Release|Any CPU
		{48223EAB-B2E0-4A64-9074-4444662EB693}.Release MSRS|x86.ActiveCfg = Release|Any CPU
		{48223EAB-B2E0-4A64-9074-4444662EB693}.Release|Any CPU.ActiveCfg = Release|Any CPU
		{48223EAB-B2E0-4A64-9074-4444662EB693}.Release|Any CPU.Build.0 = Release|Any CPU
		{48223EAB-B2E0-4A64-9074-4444662EB693}.Release|Mixed Platforms.ActiveCfg = Release|Any CPU
		{48223EAB-B2E0-4A64-9074-4444662EB693}.Release|Mixed Platforms.Build.0 = Release|Any CPU
		{48223EAB-B2E0-4A64-9074-4444662EB693}.Release|x64.ActiveCfg = Release|Any CPU
		{48223EAB-B2E0-4A64-9074-4444662EB693}.Release|x86.ActiveCfg = Release|Any CPU
		{1046FB11-E062-4BB5-BCB9-E2C0791B3A8F}.Debug MSRS|Any CPU.ActiveCfg = Debug|Any CPU
		{1046FB11-E062-4BB5-BCB9-E2C0791B3A8F}.Debug MSRS|Any CPU.Build.0 = Debug|Any CPU
		{1046FB11-E062-4BB5-BCB9-E2C0791B3A8F}.Debug MSRS|Mixed Platforms.ActiveCfg = Debug|Any CPU
		{1046FB11-E062-4BB5-BCB9-E2C0791B3A8F}.Debug MSRS|Mixed Platforms.Build.0 = Debug|Any CPU
		{1046FB11-E062-4BB5-BCB9-E2C0791B3A8F}.Debug MSRS|x64.ActiveCfg = Debug|Any CPU
		{1046FB11-E062-4BB5-BCB9-E2C0791B3A8F}.Debug MSRS|x86.ActiveCfg = Debug|Any CPU
		{1046FB11-E062-4BB5-BCB9-E2C0791B3A8F}.Debug|Any CPU.ActiveCfg = Debug|Any CPU
		{1046FB11-E062-4BB5-BCB9-E2C0791B3A8F}.Debug|Any CPU.Build.0 = Debug|Any CPU
		{1046FB11-E062-4BB5-BCB9-E2C0791B3A8F}.Debug|Mixed Platforms.ActiveCfg = Debug|Any CPU
		{1046FB11-E062-4BB5-BCB9-E2C0791B3A8F}.Debug|Mixed Platforms.Build.0 = Debug|Any CPU
		{1046FB11-E062-4BB5-BCB9-E2C0791B3A8F}.Debug|x64.ActiveCfg = Debug|Any CPU
		{1046FB11-E062-4BB5-BCB9-E2C0791B3A8F}.Debug|x86.ActiveCfg = Debug|Any CPU
		{1046FB11-E062-4BB5-BCB9-E2C0791B3A8F}.MSRS Debug|Any CPU.ActiveCfg = Debug|Any CPU
		{1046FB11-E062-4BB5-BCB9-E2C0791B3A8F}.MSRS Debug|Any CPU.Build.0 = Debug|Any CPU
		{1046FB11-E062-4BB5-BCB9-E2C0791B3A8F}.MSRS Debug|Mixed Platforms.ActiveCfg = Debug|Any CPU
		{1046FB11-E062-4BB5-BCB9-E2C0791B3A8F}.MSRS Debug|Mixed Platforms.Build.0 = Debug|Any CPU
		{1046FB11-E062-4BB5-BCB9-E2C0791B3A8F}.MSRS Debug|x64.ActiveCfg = Debug|Any CPU
		{1046FB11-E062-4BB5-BCB9-E2C0791B3A8F}.MSRS Debug|x86.ActiveCfg = Debug|Any CPU
		{1046FB11-E062-4BB5-BCB9-E2C0791B3A8F}.Release MSRS|Any CPU.ActiveCfg = Release|Any CPU
		{1046FB11-E062-4BB5-BCB9-E2C0791B3A8F}.Release MSRS|Any CPU.Build.0 = Release|Any CPU
		{1046FB11-E062-4BB5-BCB9-E2C0791B3A8F}.Release MSRS|Mixed Platforms.ActiveCfg = Release|Any CPU
		{1046FB11-E062-4BB5-BCB9-E2C0791B3A8F}.Release MSRS|Mixed Platforms.Build.0 = Release|Any CPU
		{1046FB11-E062-4BB5-BCB9-E2C0791B3A8F}.Release MSRS|x64.ActiveCfg = Release|Any CPU
		{1046FB11-E062-4BB5-BCB9-E2C0791B3A8F}.Release MSRS|x86.ActiveCfg = Release|Any CPU
		{1046FB11-E062-4BB5-BCB9-E2C0791B3A8F}.Release|Any CPU.ActiveCfg = Release|Any CPU
		{1046FB11-E062-4BB5-BCB9-E2C0791B3A8F}.Release|Any CPU.Build.0 = Release|Any CPU
		{1046FB11-E062-4BB5-BCB9-E2C0791B3A8F}.Release|Mixed Platforms.ActiveCfg = Release|Any CPU
		{1046FB11-E062-4BB5-BCB9-E2C0791B3A8F}.Release|Mixed Platforms.Build.0 = Release|Any CPU
		{1046FB11-E062-4BB5-BCB9-E2C0791B3A8F}.Release|x64.ActiveCfg = Release|Any CPU
		{1046FB11-E062-4BB5-BCB9-E2C0791B3A8F}.Release|x86.ActiveCfg = Release|Any CPU
		{84606B84-E890-4962-91A7-BF5B99BFFC75}.Debug MSRS|Any CPU.ActiveCfg = Debug|Any CPU
		{84606B84-E890-4962-91A7-BF5B99BFFC75}.Debug MSRS|Any CPU.Build.0 = Debug|Any CPU
		{84606B84-E890-4962-91A7-BF5B99BFFC75}.Debug MSRS|Mixed Platforms.ActiveCfg = Debug|Any CPU
		{84606B84-E890-4962-91A7-BF5B99BFFC75}.Debug MSRS|Mixed Platforms.Build.0 = Debug|Any CPU
		{84606B84-E890-4962-91A7-BF5B99BFFC75}.Debug MSRS|x64.ActiveCfg = Debug|Any CPU
		{84606B84-E890-4962-91A7-BF5B99BFFC75}.Debug MSRS|x86.ActiveCfg = Debug|Any CPU
		{84606B84-E890-4962-91A7-BF5B99BFFC75}.Debug|Any CPU.ActiveCfg = Debug|Any CPU
		{84606B84-E890-4962-91A7-BF5B99BFFC75}.Debug|Any CPU.Build.0 = Debug|Any CPU
		{84606B84-E890-4962-91A7-BF5B99BFFC75}.Debug|Mixed Platforms.ActiveCfg = Debug|Any CPU
		{84606B84-E890-4962-91A7-BF5B99BFFC75}.Debug|Mixed Platforms.Build.0 = Debug|Any CPU
		{84606B84-E890-4962-91A7-BF5B99BFFC75}.Debug|x64.ActiveCfg = Debug|Any CPU
		{84606B84-E890-4962-91A7-BF5B99BFFC75}.Debug|x86.ActiveCfg = Debug|Any CPU
		{84606B84-E890-4962-91A7-BF5B99BFFC75}.MSRS Debug|Any CPU.ActiveCfg = Debug|Any CPU
		{84606B84-E890-4962-91A7-BF5B99BFFC75}.MSRS Debug|Any CPU.Build.0 = Debug|Any CPU
		{84606B84-E890-4962-91A7-BF5B99BFFC75}.MSRS Debug|Mixed Platforms.ActiveCfg = Debug|Any CPU
		{84606B84-E890-4962-91A7-BF5B99BFFC75}.MSRS Debug|Mixed Platforms.Build.0 = Debug|Any CPU
		{84606B84-E890-4962-91A7-BF5B99BFFC75}.MSRS Debug|x64.ActiveCfg = Debug|Any CPU
		{84606B84-E890-4962-91A7-BF5B99BFFC75}.MSRS Debug|x86.ActiveCfg = Debug|Any CPU
		{84606B84-E890-4962-91A7-BF5B99BFFC75}.Release MSRS|Any CPU.ActiveCfg = Release|Any CPU
		{84606B84-E890-4962-91A7-BF5B99BFFC75}.Release MSRS|Any CPU.Build.0 = Release|Any CPU
		{84606B84-E890-4962-91A7-BF5B99BFFC75}.Release MSRS|Mixed Platforms.ActiveCfg = Release|Any CPU
		{84606B84-E890-4962-91A7-BF5B99BFFC75}.Release MSRS|Mixed Platforms.Build.0 = Release|Any CPU
		{84606B84-E890-4962-91A7-BF5B99BFFC75}.Release MSRS|x64.ActiveCfg = Release|Any CPU
		{84606B84-E890-4962-91A7-BF5B99BFFC75}.Release MSRS|x86.ActiveCfg = Release|Any CPU
		{84606B84-E890-4962-91A7-BF5B99BFFC75}.Release|Any CPU.ActiveCfg = Release|Any CPU
		{84606B84-E890-4962-91A7-BF5B99BFFC75}.Release|Any CPU.Build.0 = Release|Any CPU
		{84606B84-E890-4962-91A7-BF5B99BFFC75}.Release|Mixed Platforms.ActiveCfg = Release|Any CPU
		{84606B84-E890-4962-91A7-BF5B99BFFC75}.Release|Mixed Platforms.Build.0 = Release|Any CPU
		{84606B84-E890-4962-91A7-BF5B99BFFC75}.Release|x64.ActiveCfg = Release|Any CPU
		{84606B84-E890-4962-91A7-BF5B99BFFC75}.Release|x86.ActiveCfg = Release|Any CPU
		{6E5141FA-F45B-4200-A161-CC9E6E40DDF3}.Debug MSRS|Any CPU.ActiveCfg = Debug|x86
		{6E5141FA-F45B-4200-A161-CC9E6E40DDF3}.Debug MSRS|Mixed Platforms.ActiveCfg = Debug|x86
		{6E5141FA-F45B-4200-A161-CC9E6E40DDF3}.Debug MSRS|Mixed Platforms.Build.0 = Debug|x86
		{6E5141FA-F45B-4200-A161-CC9E6E40DDF3}.Debug MSRS|x64.ActiveCfg = Debug|x86
		{6E5141FA-F45B-4200-A161-CC9E6E40DDF3}.Debug MSRS|x86.ActiveCfg = Debug|x86
		{6E5141FA-F45B-4200-A161-CC9E6E40DDF3}.Debug MSRS|x86.Build.0 = Debug|x86
		{6E5141FA-F45B-4200-A161-CC9E6E40DDF3}.Debug|Any CPU.ActiveCfg = Debug|x86
		{6E5141FA-F45B-4200-A161-CC9E6E40DDF3}.Debug|Mixed Platforms.ActiveCfg = Debug|x86
		{6E5141FA-F45B-4200-A161-CC9E6E40DDF3}.Debug|Mixed Platforms.Build.0 = Debug|x86
		{6E5141FA-F45B-4200-A161-CC9E6E40DDF3}.Debug|x64.ActiveCfg = Debug|x86
		{6E5141FA-F45B-4200-A161-CC9E6E40DDF3}.Debug|x86.ActiveCfg = Debug|x86
		{6E5141FA-F45B-4200-A161-CC9E6E40DDF3}.Debug|x86.Build.0 = Debug|x86
		{6E5141FA-F45B-4200-A161-CC9E6E40DDF3}.MSRS Debug|Any CPU.ActiveCfg = Debug|x86
		{6E5141FA-F45B-4200-A161-CC9E6E40DDF3}.MSRS Debug|Mixed Platforms.ActiveCfg = Debug|x86
		{6E5141FA-F45B-4200-A161-CC9E6E40DDF3}.MSRS Debug|Mixed Platforms.Build.0 = Debug|x86
		{6E5141FA-F45B-4200-A161-CC9E6E40DDF3}.MSRS Debug|x64.ActiveCfg = Debug|x86
		{6E5141FA-F45B-4200-A161-CC9E6E40DDF3}.MSRS Debug|x86.ActiveCfg = Debug|x86
		{6E5141FA-F45B-4200-A161-CC9E6E40DDF3}.MSRS Debug|x86.Build.0 = Debug|x86
		{6E5141FA-F45B-4200-A161-CC9E6E40DDF3}.Release MSRS|Any CPU.ActiveCfg = Release|x86
		{6E5141FA-F45B-4200-A161-CC9E6E40DDF3}.Release MSRS|Mixed Platforms.ActiveCfg = Release|x86
		{6E5141FA-F45B-4200-A161-CC9E6E40DDF3}.Release MSRS|Mixed Platforms.Build.0 = Release|x86
		{6E5141FA-F45B-4200-A161-CC9E6E40DDF3}.Release MSRS|x64.ActiveCfg = Release|x86
		{6E5141FA-F45B-4200-A161-CC9E6E40DDF3}.Release MSRS|x86.ActiveCfg = Release|x86
		{6E5141FA-F45B-4200-A161-CC9E6E40DDF3}.Release MSRS|x86.Build.0 = Release|x86
		{6E5141FA-F45B-4200-A161-CC9E6E40DDF3}.Release|Any CPU.ActiveCfg = Release|x86
		{6E5141FA-F45B-4200-A161-CC9E6E40DDF3}.Release|Mixed Platforms.ActiveCfg = Release|x86
		{6E5141FA-F45B-4200-A161-CC9E6E40DDF3}.Release|Mixed Platforms.Build.0 = Release|x86
		{6E5141FA-F45B-4200-A161-CC9E6E40DDF3}.Release|x64.ActiveCfg = Release|x86
		{6E5141FA-F45B-4200-A161-CC9E6E40DDF3}.Release|x86.ActiveCfg = Release|x86
		{6E5141FA-F45B-4200-A161-CC9E6E40DDF3}.Release|x86.Build.0 = Release|x86
		{9A46A047-8CAA-499F-A67B-D3EDF90983A2}.Debug MSRS|Any CPU.ActiveCfg = Debug|Any CPU
		{9A46A047-8CAA-499F-A67B-D3EDF90983A2}.Debug MSRS|Any CPU.Build.0 = Debug|Any CPU
		{9A46A047-8CAA-499F-A67B-D3EDF90983A2}.Debug MSRS|Mixed Platforms.ActiveCfg = Debug|Any CPU
		{9A46A047-8CAA-499F-A67B-D3EDF90983A2}.Debug MSRS|Mixed Platforms.Build.0 = Debug|Any CPU
		{9A46A047-8CAA-499F-A67B-D3EDF90983A2}.Debug MSRS|x64.ActiveCfg = Debug|x64
		{9A46A047-8CAA-499F-A67B-D3EDF90983A2}.Debug MSRS|x64.Build.0 = Debug|x64
		{9A46A047-8CAA-499F-A67B-D3EDF90983A2}.Debug MSRS|x86.ActiveCfg = Debug|Any CPU
		{9A46A047-8CAA-499F-A67B-D3EDF90983A2}.Debug|Any CPU.ActiveCfg = Debug|Any CPU
		{9A46A047-8CAA-499F-A67B-D3EDF90983A2}.Debug|Any CPU.Build.0 = Debug|Any CPU
		{9A46A047-8CAA-499F-A67B-D3EDF90983A2}.Debug|Mixed Platforms.ActiveCfg = Debug|Any CPU
		{9A46A047-8CAA-499F-A67B-D3EDF90983A2}.Debug|Mixed Platforms.Build.0 = Debug|Any CPU
		{9A46A047-8CAA-499F-A67B-D3EDF90983A2}.Debug|x64.ActiveCfg = Debug|x64
		{9A46A047-8CAA-499F-A67B-D3EDF90983A2}.Debug|x64.Build.0 = Debug|x64
		{9A46A047-8CAA-499F-A67B-D3EDF90983A2}.Debug|x86.ActiveCfg = Debug|x86
		{9A46A047-8CAA-499F-A67B-D3EDF90983A2}.MSRS Debug|Any CPU.ActiveCfg = Debug|Any CPU
		{9A46A047-8CAA-499F-A67B-D3EDF90983A2}.MSRS Debug|Any CPU.Build.0 = Debug|Any CPU
		{9A46A047-8CAA-499F-A67B-D3EDF90983A2}.MSRS Debug|Mixed Platforms.ActiveCfg = Debug|Any CPU
		{9A46A047-8CAA-499F-A67B-D3EDF90983A2}.MSRS Debug|Mixed Platforms.Build.0 = Debug|Any CPU
		{9A46A047-8CAA-499F-A67B-D3EDF90983A2}.MSRS Debug|x64.ActiveCfg = Debug|x64
		{9A46A047-8CAA-499F-A67B-D3EDF90983A2}.MSRS Debug|x64.Build.0 = Debug|x64
		{9A46A047-8CAA-499F-A67B-D3EDF90983A2}.MSRS Debug|x86.ActiveCfg = Debug|Any CPU
		{9A46A047-8CAA-499F-A67B-D3EDF90983A2}.Release MSRS|Any CPU.ActiveCfg = Release|Any CPU
		{9A46A047-8CAA-499F-A67B-D3EDF90983A2}.Release MSRS|Any CPU.Build.0 = Release|Any CPU
		{9A46A047-8CAA-499F-A67B-D3EDF90983A2}.Release MSRS|Mixed Platforms.ActiveCfg = Release|Any CPU
		{9A46A047-8CAA-499F-A67B-D3EDF90983A2}.Release MSRS|Mixed Platforms.Build.0 = Release|Any CPU
		{9A46A047-8CAA-499F-A67B-D3EDF90983A2}.Release MSRS|x64.ActiveCfg = Release|x64
		{9A46A047-8CAA-499F-A67B-D3EDF90983A2}.Release MSRS|x64.Build.0 = Release|x64
		{9A46A047-8CAA-499F-A67B-D3EDF90983A2}.Release MSRS|x86.ActiveCfg = Release|Any CPU
		{9A46A047-8CAA-499F-A67B-D3EDF90983A2}.Release|Any CPU.ActiveCfg = Release|Any CPU
		{9A46A047-8CAA-499F-A67B-D3EDF90983A2}.Release|Any CPU.Build.0 = Release|Any CPU
		{9A46A047-8CAA-499F-A67B-D3EDF90983A2}.Release|Mixed Platforms.ActiveCfg = Release|Any CPU
		{9A46A047-8CAA-499F-A67B-D3EDF90983A2}.Release|Mixed Platforms.Build.0 = Release|Any CPU
		{9A46A047-8CAA-499F-A67B-D3EDF90983A2}.Release|x64.ActiveCfg = Release|x64
		{9A46A047-8CAA-499F-A67B-D3EDF90983A2}.Release|x64.Build.0 = Release|x64
		{9A46A047-8CAA-499F-A67B-D3EDF90983A2}.Release|x86.ActiveCfg = Release|Any CPU
		{1E0D459B-24E4-45DE-A9D4-A6F295C5EE34}.Debug MSRS|Any CPU.ActiveCfg = Debug|x86
		{1E0D459B-24E4-45DE-A9D4-A6F295C5EE34}.Debug MSRS|Mixed Platforms.ActiveCfg = Debug|x86
		{1E0D459B-24E4-45DE-A9D4-A6F295C5EE34}.Debug MSRS|x64.ActiveCfg = Debug|x86
		{1E0D459B-24E4-45DE-A9D4-A6F295C5EE34}.Debug MSRS|x86.ActiveCfg = Debug|x86
		{1E0D459B-24E4-45DE-A9D4-A6F295C5EE34}.Debug|Any CPU.ActiveCfg = Debug|x86
		{1E0D459B-24E4-45DE-A9D4-A6F295C5EE34}.Debug|Mixed Platforms.ActiveCfg = Debug|x86
		{1E0D459B-24E4-45DE-A9D4-A6F295C5EE34}.Debug|x64.ActiveCfg = Debug|x86
		{1E0D459B-24E4-45DE-A9D4-A6F295C5EE34}.Debug|x86.ActiveCfg = Debug|x86
		{1E0D459B-24E4-45DE-A9D4-A6F295C5EE34}.MSRS Debug|Any CPU.ActiveCfg = Debug|x86
		{1E0D459B-24E4-45DE-A9D4-A6F295C5EE34}.MSRS Debug|Mixed Platforms.ActiveCfg = Debug|x86
		{1E0D459B-24E4-45DE-A9D4-A6F295C5EE34}.MSRS Debug|x64.ActiveCfg = Debug|x86
		{1E0D459B-24E4-45DE-A9D4-A6F295C5EE34}.MSRS Debug|x86.ActiveCfg = Debug|x86
		{1E0D459B-24E4-45DE-A9D4-A6F295C5EE34}.Release MSRS|Any CPU.ActiveCfg = Release|x86
		{1E0D459B-24E4-45DE-A9D4-A6F295C5EE34}.Release MSRS|Mixed Platforms.ActiveCfg = Release|x86
		{1E0D459B-24E4-45DE-A9D4-A6F295C5EE34}.Release MSRS|x64.ActiveCfg = Release|x86
		{1E0D459B-24E4-45DE-A9D4-A6F295C5EE34}.Release MSRS|x86.ActiveCfg = Release|x86
		{1E0D459B-24E4-45DE-A9D4-A6F295C5EE34}.Release|Any CPU.ActiveCfg = Release|x86
		{1E0D459B-24E4-45DE-A9D4-A6F295C5EE34}.Release|Mixed Platforms.ActiveCfg = Release|x86
		{1E0D459B-24E4-45DE-A9D4-A6F295C5EE34}.Release|x64.ActiveCfg = Release|x86
		{1E0D459B-24E4-45DE-A9D4-A6F295C5EE34}.Release|x86.ActiveCfg = Release|x86
		{AD8B1D71-4BDF-4250-9C70-EA123975A7B6}.Debug MSRS|Any CPU.ActiveCfg = Debug|Any CPU
		{AD8B1D71-4BDF-4250-9C70-EA123975A7B6}.Debug MSRS|Any CPU.Build.0 = Debug|Any CPU
		{AD8B1D71-4BDF-4250-9C70-EA123975A7B6}.Debug MSRS|Mixed Platforms.ActiveCfg = Debug|Any CPU
		{AD8B1D71-4BDF-4250-9C70-EA123975A7B6}.Debug MSRS|Mixed Platforms.Build.0 = Debug|Any CPU
		{AD8B1D71-4BDF-4250-9C70-EA123975A7B6}.Debug MSRS|x64.ActiveCfg = Debug|Any CPU
		{AD8B1D71-4BDF-4250-9C70-EA123975A7B6}.Debug MSRS|x86.ActiveCfg = Debug|Any CPU
		{AD8B1D71-4BDF-4250-9C70-EA123975A7B6}.Debug|Any CPU.ActiveCfg = Debug|Any CPU
		{AD8B1D71-4BDF-4250-9C70-EA123975A7B6}.Debug|Any CPU.Build.0 = Debug|Any CPU
		{AD8B1D71-4BDF-4250-9C70-EA123975A7B6}.Debug|Mixed Platforms.ActiveCfg = Debug|Any CPU
		{AD8B1D71-4BDF-4250-9C70-EA123975A7B6}.Debug|Mixed Platforms.Build.0 = Debug|Any CPU
		{AD8B1D71-4BDF-4250-9C70-EA123975A7B6}.Debug|x64.ActiveCfg = Debug|Any CPU
		{AD8B1D71-4BDF-4250-9C70-EA123975A7B6}.Debug|x86.ActiveCfg = Debug|Any CPU
		{AD8B1D71-4BDF-4250-9C70-EA123975A7B6}.MSRS Debug|Any CPU.ActiveCfg = Debug|Any CPU
		{AD8B1D71-4BDF-4250-9C70-EA123975A7B6}.MSRS Debug|Any CPU.Build.0 = Debug|Any CPU
		{AD8B1D71-4BDF-4250-9C70-EA123975A7B6}.MSRS Debug|Mixed Platforms.ActiveCfg = Debug|Any CPU
		{AD8B1D71-4BDF-4250-9C70-EA123975A7B6}.MSRS Debug|Mixed Platforms.Build.0 = Debug|Any CPU
		{AD8B1D71-4BDF-4250-9C70-EA123975A7B6}.MSRS Debug|x64.ActiveCfg = Debug|Any CPU
		{AD8B1D71-4BDF-4250-9C70-EA123975A7B6}.MSRS Debug|x86.ActiveCfg = Debug|Any CPU
		{AD8B1D71-4BDF-4250-9C70-EA123975A7B6}.Release MSRS|Any CPU.ActiveCfg = Release|Any CPU
		{AD8B1D71-4BDF-4250-9C70-EA123975A7B6}.Release MSRS|Any CPU.Build.0 = Release|Any CPU
		{AD8B1D71-4BDF-4250-9C70-EA123975A7B6}.Release MSRS|Mixed Platforms.ActiveCfg = Release|Any CPU
		{AD8B1D71-4BDF-4250-9C70-EA123975A7B6}.Release MSRS|Mixed Platforms.Build.0 = Release|Any CPU
		{AD8B1D71-4BDF-4250-9C70-EA123975A7B6}.Release MSRS|x64.ActiveCfg = Release|Any CPU
		{AD8B1D71-4BDF-4250-9C70-EA123975A7B6}.Release MSRS|x86.ActiveCfg = Release|Any CPU
		{AD8B1D71-4BDF-4250-9C70-EA123975A7B6}.Release|Any CPU.ActiveCfg = Release|Any CPU
		{AD8B1D71-4BDF-4250-9C70-EA123975A7B6}.Release|Any CPU.Build.0 = Release|Any CPU
		{AD8B1D71-4BDF-4250-9C70-EA123975A7B6}.Release|Mixed Platforms.ActiveCfg = Release|Any CPU
		{AD8B1D71-4BDF-4250-9C70-EA123975A7B6}.Release|Mixed Platforms.Build.0 = Release|Any CPU
		{AD8B1D71-4BDF-4250-9C70-EA123975A7B6}.Release|x64.ActiveCfg = Release|Any CPU
		{AD8B1D71-4BDF-4250-9C70-EA123975A7B6}.Release|x86.ActiveCfg = Release|Any CPU
		{576FE39E-EF30-49BB-A3B3-BFFC4F8C1852}.Debug MSRS|Any CPU.ActiveCfg = Debug|x86
		{576FE39E-EF30-49BB-A3B3-BFFC4F8C1852}.Debug MSRS|Mixed Platforms.ActiveCfg = Debug|x86
		{576FE39E-EF30-49BB-A3B3-BFFC4F8C1852}.Debug MSRS|Mixed Platforms.Build.0 = Debug|x86
		{576FE39E-EF30-49BB-A3B3-BFFC4F8C1852}.Debug MSRS|x64.ActiveCfg = Debug|x86
		{576FE39E-EF30-49BB-A3B3-BFFC4F8C1852}.Debug MSRS|x86.ActiveCfg = Debug|x86
		{576FE39E-EF30-49BB-A3B3-BFFC4F8C1852}.Debug MSRS|x86.Build.0 = Debug|x86
		{576FE39E-EF30-49BB-A3B3-BFFC4F8C1852}.Debug|Any CPU.ActiveCfg = Debug|x86
		{576FE39E-EF30-49BB-A3B3-BFFC4F8C1852}.Debug|Mixed Platforms.ActiveCfg = Debug|x86
		{576FE39E-EF30-49BB-A3B3-BFFC4F8C1852}.Debug|Mixed Platforms.Build.0 = Debug|x86
		{576FE39E-EF30-49BB-A3B3-BFFC4F8C1852}.Debug|x64.ActiveCfg = Debug|x86
		{576FE39E-EF30-49BB-A3B3-BFFC4F8C1852}.Debug|x86.ActiveCfg = Debug|x86
		{576FE39E-EF30-49BB-A3B3-BFFC4F8C1852}.Debug|x86.Build.0 = Debug|x86
		{576FE39E-EF30-49BB-A3B3-BFFC4F8C1852}.MSRS Debug|Any CPU.ActiveCfg = Debug|x86
		{576FE39E-EF30-49BB-A3B3-BFFC4F8C1852}.MSRS Debug|Mixed Platforms.ActiveCfg = Debug|x86
		{576FE39E-EF30-49BB-A3B3-BFFC4F8C1852}.MSRS Debug|Mixed Platforms.Build.0 = Debug|x86
		{576FE39E-EF30-49BB-A3B3-BFFC4F8C1852}.MSRS Debug|x64.ActiveCfg = Debug|x86
		{576FE39E-EF30-49BB-A3B3-BFFC4F8C1852}.MSRS Debug|x86.ActiveCfg = Debug|x86
		{576FE39E-EF30-49BB-A3B3-BFFC4F8C1852}.MSRS Debug|x86.Build.0 = Debug|x86
		{576FE39E-EF30-49BB-A3B3-BFFC4F8C1852}.Release MSRS|Any CPU.ActiveCfg = Release|x86
		{576FE39E-EF30-49BB-A3B3-BFFC4F8C1852}.Release MSRS|Mixed Platforms.ActiveCfg = Release|x86
		{576FE39E-EF30-49BB-A3B3-BFFC4F8C1852}.Release MSRS|Mixed Platforms.Build.0 = Release|x86
		{576FE39E-EF30-49BB-A3B3-BFFC4F8C1852}.Release MSRS|x64.ActiveCfg = Release|x86
		{576FE39E-EF30-49BB-A3B3-BFFC4F8C1852}.Release MSRS|x86.ActiveCfg = Release|x86
		{576FE39E-EF30-49BB-A3B3-BFFC4F8C1852}.Release MSRS|x86.Build.0 = Release|x86
		{576FE39E-EF30-49BB-A3B3-BFFC4F8C1852}.Release|Any CPU.ActiveCfg = Release|x86
		{576FE39E-EF30-49BB-A3B3-BFFC4F8C1852}.Release|Mixed Platforms.ActiveCfg = Release|x86
		{576FE39E-EF30-49BB-A3B3-BFFC4F8C1852}.Release|Mixed Platforms.Build.0 = Release|x86
		{576FE39E-EF30-49BB-A3B3-BFFC4F8C1852}.Release|x64.ActiveCfg = Release|x86
		{576FE39E-EF30-49BB-A3B3-BFFC4F8C1852}.Release|x86.ActiveCfg = Release|x86
		{576FE39E-EF30-49BB-A3B3-BFFC4F8C1852}.Release|x86.Build.0 = Release|x86
		{761D7A8C-CBC0-4CAE-B32C-70C32FAE7346}.Debug MSRS|Any CPU.ActiveCfg = Debug|x86
		{761D7A8C-CBC0-4CAE-B32C-70C32FAE7346}.Debug MSRS|Mixed Platforms.ActiveCfg = Debug|x86
		{761D7A8C-CBC0-4CAE-B32C-70C32FAE7346}.Debug MSRS|x64.ActiveCfg = Debug|x86
		{761D7A8C-CBC0-4CAE-B32C-70C32FAE7346}.Debug MSRS|x86.ActiveCfg = Debug|x86
		{761D7A8C-CBC0-4CAE-B32C-70C32FAE7346}.Debug|Any CPU.ActiveCfg = Debug|x86
		{761D7A8C-CBC0-4CAE-B32C-70C32FAE7346}.Debug|Mixed Platforms.ActiveCfg = Debug|x86
		{761D7A8C-CBC0-4CAE-B32C-70C32FAE7346}.Debug|x64.ActiveCfg = Debug|x86
		{761D7A8C-CBC0-4CAE-B32C-70C32FAE7346}.Debug|x86.ActiveCfg = Debug|x86
		{761D7A8C-CBC0-4CAE-B32C-70C32FAE7346}.MSRS Debug|Any CPU.ActiveCfg = Debug|x86
		{761D7A8C-CBC0-4CAE-B32C-70C32FAE7346}.MSRS Debug|Mixed Platforms.ActiveCfg = Debug|x86
		{761D7A8C-CBC0-4CAE-B32C-70C32FAE7346}.MSRS Debug|x64.ActiveCfg = Debug|x86
		{761D7A8C-CBC0-4CAE-B32C-70C32FAE7346}.MSRS Debug|x86.ActiveCfg = Debug|x86
		{761D7A8C-CBC0-4CAE-B32C-70C32FAE7346}.Release MSRS|Any CPU.ActiveCfg = Release|x86
		{761D7A8C-CBC0-4CAE-B32C-70C32FAE7346}.Release MSRS|Mixed Platforms.ActiveCfg = Release|x86
		{761D7A8C-CBC0-4CAE-B32C-70C32FAE7346}.Release MSRS|x64.ActiveCfg = Release|x86
		{761D7A8C-CBC0-4CAE-B32C-70C32FAE7346}.Release MSRS|x86.ActiveCfg = Release|x86
		{761D7A8C-CBC0-4CAE-B32C-70C32FAE7346}.Release|Any CPU.ActiveCfg = Release|x86
		{761D7A8C-CBC0-4CAE-B32C-70C32FAE7346}.Release|Mixed Platforms.ActiveCfg = Release|x86
		{761D7A8C-CBC0-4CAE-B32C-70C32FAE7346}.Release|x64.ActiveCfg = Release|x86
		{761D7A8C-CBC0-4CAE-B32C-70C32FAE7346}.Release|x86.ActiveCfg = Release|x86
	EndGlobalSection
	GlobalSection(SolutionProperties) = preSolution
		HideSolutionNode = FALSE
	EndGlobalSection
EndGlobal
